
Microsoft Visual Studio Solution File, Format Version 12.00
# Visual Studio Version 16
VisualStudioVersion = 16.0.30711.63
MinimumVisualStudioVersion = 10.0.40219.1
Project("{FAE04EC0-301F-11D3-BF4B-00C04F79EFBC}") = "CodingPractice", "CodingPractice\CodingPractice.csproj", "{2CF393AC-F5E9-4B6F-A5F6-EC6B9C88C816}"
EndProject
Global
	GlobalSection(SolutionConfigurationPlatforms) = preSolution
		Debug|Any CPU = Debug|Any CPU
		Release|Any CPU = Release|Any CPU
	EndGlobalSection
	GlobalSection(ProjectConfigurationPlatforms) = postSolution
		{2CF393AC-F5E9-4B6F-A5F6-EC6B9C88C816}.Debug|Any CPU.ActiveCfg = Debug|Any CPU
		{2CF393AC-F5E9-4B6F-A5F6-EC6B9C88C816}.Debug|Any CPU.Build.0 = Debug|Any CPU
		{2CF393AC-F5E9-4B6F-A5F6-EC6B9C88C816}.Release|Any CPU.ActiveCfg = Release|Any CPU
		{2CF393AC-F5E9-4B6F-A5F6-EC6B9C88C816}.Release|Any CPU.Build.0 = Release|Any CPU
	EndGlobalSection
	GlobalSection(SolutionProperties) = preSolution
		HideSolutionNode = FALSE
	EndGlobalSection
	GlobalSection(ExtensibilityGlobals) = postSolution
		SolutionGuid = {6713A1EC-BDC8-4B73-BD7B-C53E673C6BD9}
	EndGlobalSection
EndGlobal
